
Microsoft Visual Studio Solution File, Format Version 12.00
# Visual Studio Version 17
VisualStudioVersion = 17.8.34408.163
MinimumVisualStudioVersion = 10.0.40219.1
Project("{9A19103F-16F7-4668-BE54-9A1E7A4F7556}") = "ServerLibrary.API", "ServerLibrary.API\ServerLibrary.API.csproj", "{FD9C2E6F-B5B7-4CF6-ADFD-4E144C5F6B0A}"
EndProject
Project("{9A19103F-16F7-4668-BE54-9A1E7A4F7556}") = "ServerLibrary.Test", "ServerLibrary.Test\ServerLibrary.Test.csproj", "{D84412E9-50CD-4F95-AE30-41F0026179F9}"
EndProject
Project("{FAE04EC0-301F-11D3-BF4B-00C04F79EFBC}") = "ServerLibrary.DTO", "ServerLibrary.DTO\ServerLibrary.DTO.csproj", "{E736F12D-943C-412A-9434-5555D9030975}"
EndProject
Global
	GlobalSection(SolutionConfigurationPlatforms) = preSolution
		Debug|Any CPU = Debug|Any CPU
		Release|Any CPU = Release|Any CPU
	EndGlobalSection
	GlobalSection(ProjectConfigurationPlatforms) = postSolution
		{FD9C2E6F-B5B7-4CF6-ADFD-4E144C5F6B0A}.Debug|Any CPU.ActiveCfg = Debug|Any CPU
		{FD9C2E6F-B5B7-4CF6-ADFD-4E144C5F6B0A}.Debug|Any CPU.Build.0 = Debug|Any CPU
		{FD9C2E6F-B5B7-4CF6-ADFD-4E144C5F6B0A}.Release|Any CPU.ActiveCfg = Release|Any CPU
		{FD9C2E6F-B5B7-4CF6-ADFD-4E144C5F6B0A}.Release|Any CPU.Build.0 = Release|Any CPU
		{D84412E9-50CD-4F95-AE30-41F0026179F9}.Debug|Any CPU.ActiveCfg = Debug|Any CPU
		{D84412E9-50CD-4F95-AE30-41F0026179F9}.Debug|Any CPU.Build.0 = Debug|Any CPU
		{D84412E9-50CD-4F95-AE30-41F0026179F9}.Release|Any CPU.ActiveCfg = Release|Any CPU
		{D84412E9-50CD-4F95-AE30-41F0026179F9}.Release|Any CPU.Build.0 = Release|Any CPU
		{E736F12D-943C-412A-9434-5555D9030975}.Debug|Any CPU.ActiveCfg = Debug|Any CPU
		{E736F12D-943C-412A-9434-5555D9030975}.Debug|Any CPU.Build.0 = Debug|Any CPU
		{E736F12D-943C-412A-9434-5555D9030975}.Release|Any CPU.ActiveCfg = Release|Any CPU
		{E736F12D-943C-412A-9434-5555D9030975}.Release|Any CPU.Build.0 = Release|Any CPU
	EndGlobalSection
	GlobalSection(SolutionProperties) = preSolution
		HideSolutionNode = FALSE
	EndGlobalSection
	GlobalSection(ExtensibilityGlobals) = postSolution
		SolutionGuid = {10C5EAD5-31D6-4925-BC06-C887397CDD28}
	EndGlobalSection
EndGlobal
